
Microsoft Visual Studio Solution File, Format Version 12.00
# Visual Studio 15
VisualStudioVersion = 15.0.27004.2009
MinimumVisualStudioVersion = 10.0.40219.1
Project("{FAE04EC0-301F-11D3-BF4B-00C04F79EFBC}") = "POCOCreater", "POCOCreater\POCOCreater.csproj", "{D18D9B01-A930-44D8-A90B-9BBE18D34163}"
EndProject
Global
	GlobalSection(SolutionConfigurationPlatforms) = preSolution
		Debug|Any CPU = Debug|Any CPU
		Release|Any CPU = Release|Any CPU
	EndGlobalSection
	GlobalSection(ProjectConfigurationPlatforms) = postSolution
		{D18D9B01-A930-44D8-A90B-9BBE18D34163}.Debug|Any CPU.ActiveCfg = Debug|Any CPU
		{D18D9B01-A930-44D8-A90B-9BBE18D34163}.Debug|Any CPU.Build.0 = Debug|Any CPU
		{D18D9B01-A930-44D8-A90B-9BBE18D34163}.Release|Any CPU.ActiveCfg = Release|Any CPU
		{D18D9B01-A930-44D8-A90B-9BBE18D34163}.Release|Any CPU.Build.0 = Release|Any CPU
	EndGlobalSection
	GlobalSection(SolutionProperties) = preSolution
		HideSolutionNode = FALSE
	EndGlobalSection
	GlobalSection(ExtensibilityGlobals) = postSolution
		SolutionGuid = {2F9E3FEE-D49A-4C7B-8037-63950A22FE78}
	EndGlobalSection
EndGlobal
