
Microsoft Visual Studio Solution File, Format Version 12.00
# Visual Studio 15
VisualStudioVersion = 15.0.27130.2010
MinimumVisualStudioVersion = 10.0.40219.1
Project("{FAE04EC0-301F-11D3-BF4B-00C04F79EFBC}") = "MVCWebNorthWind", "MVCWebNorthWind\MVCWebNorthWind.csproj", "{7E73E819-92E2-4C54-B7F5-6CB90E506206}"
EndProject
Project("{FAE04EC0-301F-11D3-BF4B-00C04F79EFBC}") = "MVCWebNorthWind.Tests", "MVCWebNorthWind.Tests\MVCWebNorthWind.Tests.csproj", "{97BCEF7A-5BC8-4274-AEBB-521F5EDDE182}"
EndProject
Project("{FAE04EC0-301F-11D3-BF4B-00C04F79EFBC}") = "Common", "Common\Common.csproj", "{1B91F692-0EE4-4A9C-B7AE-0FDDE10775E3}"
EndProject
Global
	GlobalSection(SolutionConfigurationPlatforms) = preSolution
		Debug|Any CPU = Debug|Any CPU
		Release|Any CPU = Release|Any CPU
	EndGlobalSection
	GlobalSection(ProjectConfigurationPlatforms) = postSolution
		{7E73E819-92E2-4C54-B7F5-6CB90E506206}.Debug|Any CPU.ActiveCfg = Debug|Any CPU
		{7E73E819-92E2-4C54-B7F5-6CB90E506206}.Debug|Any CPU.Build.0 = Debug|Any CPU
		{7E73E819-92E2-4C54-B7F5-6CB90E506206}.Release|Any CPU.ActiveCfg = Release|Any CPU
		{7E73E819-92E2-4C54-B7F5-6CB90E506206}.Release|Any CPU.Build.0 = Release|Any CPU
		{97BCEF7A-5BC8-4274-AEBB-521F5EDDE182}.Debug|Any CPU.ActiveCfg = Debug|Any CPU
		{97BCEF7A-5BC8-4274-AEBB-521F5EDDE182}.Debug|Any CPU.Build.0 = Debug|Any CPU
		{97BCEF7A-5BC8-4274-AEBB-521F5EDDE182}.Release|Any CPU.ActiveCfg = Release|Any CPU
		{97BCEF7A-5BC8-4274-AEBB-521F5EDDE182}.Release|Any CPU.Build.0 = Release|Any CPU
		{1B91F692-0EE4-4A9C-B7AE-0FDDE10775E3}.Debug|Any CPU.ActiveCfg = Debug|Any CPU
		{1B91F692-0EE4-4A9C-B7AE-0FDDE10775E3}.Debug|Any CPU.Build.0 = Debug|Any CPU
		{1B91F692-0EE4-4A9C-B7AE-0FDDE10775E3}.Release|Any CPU.ActiveCfg = Release|Any CPU
		{1B91F692-0EE4-4A9C-B7AE-0FDDE10775E3}.Release|Any CPU.Build.0 = Release|Any CPU
	EndGlobalSection
	GlobalSection(SolutionProperties) = preSolution
		HideSolutionNode = FALSE
	EndGlobalSection
	GlobalSection(ExtensibilityGlobals) = postSolution
		SolutionGuid = {57C93A0D-2CF4-4778-9C89-14AD66909773}
	EndGlobalSection
EndGlobal
